{
  "name": "gemini-next-web",
  "requires": true,
  "lockfileVersion": 1,
  "dependencies": {
    "@vercel/analytics": {
      "version": "0.1.11",
      "resolved": "https://registry.npmmirror.com/@vercel/analytics/-/analytics-0.1.11.tgz",
      "integrity": "sha512-mj5CPR02y0BRs1tN3oZcBNAX9a8NxsIUl9vElDPcqxnMfP0RbRc9fI9Ud7+QDg/1Izvt5uMumsr+6YsmVHcyuw=="
    },
    "@vercel/speed-insights": {
      "version": "1.0.2",
      "resolved": "https://registry.npmmirror.com/@vercel/speed-insights/-/speed-insights-1.0.2.tgz",
      "integrity": "sha512-y5HWeB6RmlyVYxJAMrjiDEz8qAIy2cit0fhBq+MD78WaUwQvuBnQlX4+5MuwVTWi46bV3klaRMq83u9zUy1KOg=="
    }
  }
}
